
Microsoft Visual Studio Solution File, Format Version 12.00
# Visual Studio Version 17
VisualStudioVersion = 17.8.34330.188
MinimumVisualStudioVersion = 10.0.40219.1
Project("{9A19103F-16F7-4668-BE54-9A1E7A4F7556}") = "Touhou.Extraction", "Touhou.Extraction\Touhou.Extraction.csproj", "{E1FE96B5-E970-4D20-9C3F-16BDE2D02678}"
EndProject
Project("{9A19103F-16F7-4668-BE54-9A1E7A4F7556}") = "Touhou.Extraction.Tests", "Touhou.Extraction.Tests\Touhou.Extraction.Tests.csproj", "{5775E095-17AD-4FE4-9131-DABA2CE8CB88}"
EndProject
Global
	GlobalSection(SolutionConfigurationPlatforms) = preSolution
		Debug|Any CPU = Debug|Any CPU
		Release|Any CPU = Release|Any CPU
	EndGlobalSection
	GlobalSection(ProjectConfigurationPlatforms) = postSolution
		{E1FE96B5-E970-4D20-9C3F-16BDE2D02678}.Debug|Any CPU.ActiveCfg = Debug|Any CPU
		{E1FE96B5-E970-4D20-9C3F-16BDE2D02678}.Debug|Any CPU.Build.0 = Debug|Any CPU
		{E1FE96B5-E970-4D20-9C3F-16BDE2D02678}.Release|Any CPU.ActiveCfg = Release|Any CPU
		{E1FE96B5-E970-4D20-9C3F-16BDE2D02678}.Release|Any CPU.Build.0 = Release|Any CPU
		{5775E095-17AD-4FE4-9131-DABA2CE8CB88}.Debug|Any CPU.ActiveCfg = Debug|Any CPU
		{5775E095-17AD-4FE4-9131-DABA2CE8CB88}.Debug|Any CPU.Build.0 = Debug|Any CPU
		{5775E095-17AD-4FE4-9131-DABA2CE8CB88}.Release|Any CPU.ActiveCfg = Release|Any CPU
		{5775E095-17AD-4FE4-9131-DABA2CE8CB88}.Release|Any CPU.Build.0 = Release|Any CPU
	EndGlobalSection
	GlobalSection(SolutionProperties) = preSolution
		HideSolutionNode = FALSE
	EndGlobalSection
	GlobalSection(ExtensibilityGlobals) = postSolution
		SolutionGuid = {D068B053-D11E-43CB-BB86-730661854C46}
	EndGlobalSection
EndGlobal
